// !$*UTF8*$!
{
	archiveVersion = 1;
	classes = {
	};
	objectVersion = 50;
	objects = {

/* Begin PBXBuildFile section */
		F64578B326A603430098D855 /* AppDelegate.swift in Sources */ = {isa = PBXBuildFile; fileRef = F64578B226A603430098D855 /* AppDelegate.swift */; };
		F64578B526A603430098D855 /* SceneDelegate.swift in Sources */ = {isa = PBXBuildFile; fileRef = F64578B426A603430098D855 /* SceneDelegate.swift */; };
		F64578B726A603430098D855 /* ViewController.swift in Sources */ = {isa = PBXBuildFile; fileRef = F64578B626A603430098D855 /* ViewController.swift */; };
		F64578BA26A603430098D855 /* Main.storyboard in Resources */ = {isa = PBXBuildFile; fileRef = F64578B826A603430098D855 /* Main.storyboard */; };
		F64578BD26A603430098D855 /* ToDoListApp.xcdatamodeld in Sources */ = {isa = PBXBuildFile; fileRef = F64578BB26A603430098D855 /* ToDoListApp.xcdatamodeld */; };
		F64578BF26A603440098D855 /* Assets.xcassets in Resources */ = {isa = PBXBuildFile; fileRef = F64578BE26A603440098D855 /* Assets.xcassets */; };
		F64578C226A603440098D855 /* LaunchScreen.storyboard in Resources */ = {isa = PBXBuildFile; fileRef = F64578C026A603440098D855 /* LaunchScreen.storyboard */; };
		F64578CD26A603440098D855 /* ToDoListAppTests.swift in Sources */ = {isa = PBXBuildFile; fileRef = F64578CC26A603440098D855 /* ToDoListAppTests.swift */; };
		F64578D826A603440098D855 /* ToDoListAppUITests.swift in Sources */ = {isa = PBXBuildFile; fileRef = F64578D726A603440098D855 /* ToDoListAppUITests.swift */; };
		F64578E626A627250098D855 /* ToDoTableViewController.swift in Sources */ = {isa = PBXBuildFile; fileRef = F64578E526A627240098D855 /* ToDoTableViewController.swift */; };
		F64578E826A627C60098D855 /* ToDo.swift in Sources */ = {isa = PBXBuildFile; fileRef = F64578E726A627C60098D855 /* ToDo.swift */; };
		F666101926A74923001F38A4 /* AddToDoViewController.swift in Sources */ = {isa = PBXBuildFile; fileRef = F666101826A74923001F38A4 /* AddToDoViewController.swift */; };
/* End PBXBuildFile section */

/* Begin PBXContainerItemProxy section */
		F64578C926A603440098D855 /* PBXContainerItemProxy */ = {
			isa = PBXContainerItemProxy;
			containerPortal = F64578A726A603430098D855 /* Project object */;
			proxyType = 1;
			remoteGlobalIDString = F64578AE26A603430098D855;
			remoteInfo = ToDoListApp;
		};
		F64578D426A603440098D855 /* PBXContainerItemProxy */ = {
			isa = PBXContainerItemProxy;
			containerPortal = F64578A726A603430098D855 /* Project object */;
			proxyType = 1;
			remoteGlobalIDString = F64578AE26A603430098D855;
			remoteInfo = ToDoListApp;
		};
/* End PBXContainerItemProxy section */

/* Begin PBXFileReference section */
		F64578AF26A603430098D855 /* ToDoListApp.app */ = {isa = PBXFileReference; explicitFileType = wrapper.application; includeInIndex = 0; path = ToDoListApp.app; sourceTree = BUILT_PRODUCTS_DIR; };
		F64578B226A603430098D855 /* AppDelegate.swift */ = {isa = PBXFileReference; lastKnownFileType = sourcecode.swift; path = AppDelegate.swift; sourceTree = "<group>"; };
		F64578B426A603430098D855 /* SceneDelegate.swift */ = {isa = PBXFileReference; lastKnownFileType = sourcecode.swift; path = SceneDelegate.swift; sourceTree = "<group>"; };
		F64578B626A603430098D855 /* ViewController.swift */ = {isa = PBXFileReference; lastKnownFileType = sourcecode.swift; path = ViewController.swift; sourceTree = "<group>"; };
		F64578B926A603430098D855 /* Base */ = {isa = PBXFileReference; lastKnownFileType = file.storyboard; name = Base; path = Base.lproj/Main.storyboard; sourceTree = "<group>"; };
		F64578BC26A603430098D855 /* ToDoListApp.xcdatamodel */ = {isa = PBXFileReference; lastKnownFileType = wrapper.xcdatamodel; path = ToDoListApp.xcdatamodel; sourceTree = "<group>"; };
		F64578BE26A603440098D855 /* Assets.xcassets */ = {isa = PBXFileReference; lastKnownFileType = folder.assetcatalog; path = Assets.xcassets; sourceTree = "<group>"; };
		F64578C126A603440098D855 /* Base */ = {isa = PBXFileReference; lastKnownFileType = file.storyboard; name = Base; path = Base.lproj/LaunchScreen.storyboard; sourceTree = "<group>"; };
		F64578C326A603440098D855 /* Info.plist */ = {isa = PBXFileReference; lastKnownFileType = text.plist.xml; path = Info.plist; sourceTree = "<group>"; };
		F64578C826A603440098D855 /* ToDoListAppTests.xctest */ = {isa = PBXFileReference; explicitFileType = wrapper.cfbundle; includeInIndex = 0; path = ToDoListAppTests.xctest; sourceTree = BUILT_PRODUCTS_DIR; };
		F64578CC26A603440098D855 /* ToDoListAppTests.swift */ = {isa = PBXFileReference; lastKnownFileType = sourcecode.swift; path = ToDoListAppTests.swift; sourceTree = "<group>"; };
		F64578CE26A603440098D855 /* Info.plist */ = {isa = PBXFileReference; lastKnownFileType = text.plist.xml; path = Info.plist; sourceTree = "<group>"; };
		F64578D326A603440098D855 /* ToDoListAppUITests.xctest */ = {isa = PBXFileReference; explicitFileType = wrapper.cfbundle; includeInIndex = 0; path = ToDoListAppUITests.xctest; sourceTree = BUILT_PRODUCTS_DIR; };
		F64578D726A603440098D855 /* ToDoListAppUITests.swift */ = {isa = PBXFileReference; lastKnownFileType = sourcecode.swift; path = ToDoListAppUITests.swift; sourceTree = "<group>"; };
		F64578D926A603440098D855 /* Info.plist */ = {isa = PBXFileReference; lastKnownFileType = text.plist.xml; path = Info.plist; sourceTree = "<group>"; };
		F64578E526A627240098D855 /* ToDoTableViewController.swift */ = {isa = PBXFileReference; lastKnownFileType = sourcecode.swift; path = ToDoTableViewController.swift; sourceTree = "<group>"; };
		F64578E726A627C60098D855 /* ToDo.swift */ = {isa = PBXFileReference; lastKnownFileType = sourcecode.swift; path = ToDo.swift; sourceTree = "<group>"; };
		F666101826A74923001F38A4 /* AddToDoViewController.swift */ = {isa = PBXFileReference; lastKnownFileType = sourcecode.swift; path = AddToDoViewController.swift; sourceTree = "<group>"; };
/* End PBXFileReference section */

/* Begin PBXFrameworksBuildPhase section */
		F64578AC26A603430098D855 /* Frameworks */ = {
			isa = PBXFrameworksBuildPhase;
			buildActionMask = 2147483647;
			files = (
			);
			runOnlyForDeploymentPostprocessing = 0;
		};
		F64578C526A603440098D855 /* Frameworks */ = {
			isa = PBXFrameworksBuildPhase;
			buildActionMask = 2147483647;
			files = (
			);
			runOnlyForDeploymentPostprocessing = 0;
		};
		F64578D026A603440098D855 /* Frameworks */ = {
			isa = PBXFrameworksBuildPhase;
			buildActionMask = 2147483647;
			files = (
			);
			runOnlyForDeploymentPostprocessing = 0;
		};
/* End PBXFrameworksBuildPhase section */

/* Begin PBXGroup section */
		F64578A626A603420098D855 = {
			isa = PBXGroup;
			children = (
				F64578B126A603430098D855 /* ToDoListApp */,
				F64578CB26A603440098D855 /* ToDoListAppTests */,
				F64578D626A603440098D855 /* ToDoListAppUITests */,
				F64578B026A603430098D855 /* Products */,
			);
			sourceTree = "<group>";
		};
		F64578B026A603430098D855 /* Products */ = {
			isa = PBXGroup;
			children = (
				F64578AF26A603430098D855 /* ToDoListApp.app */,
				F64578C826A603440098D855 /* ToDoListAppTests.xctest */,
				F64578D326A603440098D855 /* ToDoListAppUITests.xctest */,
			);
			name = Products;
			sourceTree = "<group>";
		};
		F64578B126A603430098D855 /* ToDoListApp */ = {
			isa = PBXGroup;
			children = (
				F64578B226A603430098D855 /* AppDelegate.swift */,
				F64578B426A603430098D855 /* SceneDelegate.swift */,
				F64578B626A603430098D855 /* ViewController.swift */,
				F64578B826A603430098D855 /* Main.storyboard */,
				F64578BE26A603440098D855 /* Assets.xcassets */,
				F64578C026A603440098D855 /* LaunchScreen.storyboard */,
				F64578C326A603440098D855 /* Info.plist */,
				F64578BB26A603430098D855 /* ToDoListApp.xcdatamodeld */,
				F64578E526A627240098D855 /* ToDoTableViewController.swift */,
				F64578E726A627C60098D855 /* ToDo.swift */,
				F666101826A74923001F38A4 /* AddToDoViewController.swift */,
			);
			path = ToDoListApp;
			sourceTree = "<group>";
		};
		F64578CB26A603440098D855 /* ToDoListAppTests */ = {
			isa = PBXGroup;
			children = (
				F64578CC26A603440098D855 /* ToDoListAppTests.swift */,
				F64578CE26A603440098D855 /* Info.plist */,
			);
			path = ToDoListAppTests;
			sourceTree = "<group>";
		};
		F64578D626A603440098D855 /* ToDoListAppUITests */ = {
			isa = PBXGroup;
			children = (
				F64578D726A603440098D855 /* ToDoListAppUITests.swift */,
				F64578D926A603440098D855 /* Info.plist */,
			);
			path = ToDoListAppUITests;
			sourceTree = "<group>";
		};
/* End PBXGroup section */

/* Begin PBXNativeTarget section */
		F64578AE26A603430098D855 /* ToDoListApp */ = {
			isa = PBXNativeTarget;
			buildConfigurationList = F64578DC26A603440098D855 /* Build configuration list for PBXNativeTarget "ToDoListApp" */;
			buildPhases = (
				F64578AB26A603430098D855 /* Sources */,
				F64578AC26A603430098D855 /* Frameworks */,
				F64578AD26A603430098D855 /* Resources */,
			);
			buildRules = (
			);
			dependencies = (
			);
			name = ToDoListApp;
			productName = ToDoListApp;
			productReference = F64578AF26A603430098D855 /* ToDoListApp.app */;
			productType = "com.apple.product-type.application";
		};
		F64578C726A603440098D855 /* ToDoListAppTests */ = {
			isa = PBXNativeTarget;
			buildConfigurationList = F64578DF26A603440098D855 /* Build configuration list for PBXNativeTarget "ToDoListAppTests" */;
			buildPhases = (
				F64578C426A603440098D855 /* Sources */,
				F64578C526A603440098D855 /* Frameworks */,
				F64578C626A603440098D855 /* Resources */,
			);
			buildRules = (
			);
			dependencies = (
				F64578CA26A603440098D855 /* PBXTargetDependency */,
			);
			name = ToDoListAppTests;
			productName = ToDoListAppTests;
			productReference = F64578C826A603440098D855 /* ToDoListAppTests.xctest */;
			productType = "com.apple.product-type.bundle.unit-test";
		};
		F64578D226A603440098D855 /* ToDoListAppUITests */ = {
			isa = PBXNativeTarget;
			buildConfigurationList = F64578E226A603440098D855 /* Build configuration list for PBXNativeTarget "ToDoListAppUITests" */;
			buildPhases = (
				F64578CF26A603440098D855 /* Sources */,
				F64578D026A603440098D855 /* Frameworks */,
				F64578D126A603440098D855 /* Resources */,
			);
			buildRules = (
			);
			dependencies = (
				F64578D526A603440098D855 /* PBXTargetDependency */,
			);
			name = ToDoListAppUITests;
			productName = ToDoListAppUITests;
			productReference = F64578D326A603440098D855 /* ToDoListAppUITests.xctest */;
			productType = "com.apple.product-type.bundle.ui-testing";
		};
/* End PBXNativeTarget section */

/* Begin PBXProject section */
		F64578A726A603430098D855 /* Project object */ = {
			isa = PBXProject;
			attributes = {
				LastSwiftUpdateCheck = 1250;
				LastUpgradeCheck = 1250;
				TargetAttributes = {
					F64578AE26A603430098D855 = {
						CreatedOnToolsVersion = 12.5.1;
					};
					F64578C726A603440098D855 = {
						CreatedOnToolsVersion = 12.5.1;
						TestTargetID = F64578AE26A603430098D855;
					};
					F64578D226A603440098D855 = {
						CreatedOnToolsVersion = 12.5.1;
						TestTargetID = F64578AE26A603430098D855;
					};
				};
			};
			buildConfigurationList = F64578AA26A603430098D855 /* Build configuration list for PBXProject "ToDoListApp" */;
			compatibilityVersion = "Xcode 9.3";
			developmentRegion = en;
			hasScannedForEncodings = 0;
			knownRegions = (
				en,
				Base,
			);
			mainGroup = F64578A626A603420098D855;
			productRefGroup = F64578B026A603430098D855 /* Products */;
			projectDirPath = "";
			projectRoot = "";
			targets = (
				F64578AE26A603430098D855 /* ToDoListApp */,
				F64578C726A603440098D855 /* ToDoListAppTests */,
				F64578D226A603440098D855 /* ToDoListAppUITests */,
			);
		};
/* End PBXProject section */

/* Begin PBXResourcesBuildPhase section */
		F64578AD26A603430098D855 /* Resources */ = {
			isa = PBXResourcesBuildPhase;
			buildActionMask = 2147483647;
			files = (
				F64578C226A603440098D855 /* LaunchScreen.storyboard in Resources */,
				F64578BF26A603440098D855 /* Assets.xcassets in Resources */,
				F64578BA26A603430098D855 /* Main.storyboard in Resources */,
			);
			runOnlyForDeploymentPostprocessing = 0;
		};
		F64578C626A603440098D855 /* Resources */ = {
			isa = PBXResourcesBuildPhase;
			buildActionMask = 2147483647;
			files = (
			);
			runOnlyForDeploymentPostprocessing = 0;
		};
		F64578D126A603440098D855 /* Resources */ = {
			isa = PBXResourcesBuildPhase;
			buildActionMask = 2147483647;
			files = (
			);
			runOnlyForDeploymentPostprocessing = 0;
		};
/* End PBXResourcesBuildPhase section */

/* Begin PBXSourcesBuildPhase section */
		F64578AB26A603430098D855 /* Sources */ = {
			isa = PBXSourcesBuildPhase;
			buildActionMask = 2147483647;
			files = (
				F64578B726A603430098D855 /* ViewController.swift in Sources */,
				F64578B326A603430098D855 /* AppDelegate.swift in Sources */,
				F64578B526A603430098D855 /* SceneDelegate.swift in Sources */,
				F64578E826A627C60098D855 /* ToDo.swift in Sources */,
				F666101926A74923001F38A4 /* AddToDoViewController.swift in Sources */,
				F64578BD26A603430098D855 /* ToDoListApp.xcdatamodeld in Sources */,
				F64578E626A627250098D855 /* ToDoTableViewController.swift in Sources */,
			);
			runOnlyForDeploymentPostprocessing = 0;
		};
		F64578C426A603440098D855 /* Sources */ = {
			isa = PBXSourcesBuildPhase;
			buildActionMask = 2147483647;
			files = (
				F64578CD26A603440098D855 /* ToDoListAppTests.swift in Sources */,
			);
			runOnlyForDeploymentPostprocessing = 0;
		};
		F64578CF26A603440098D855 /* Sources */ = {
			isa = PBXSourcesBuildPhase;
			buildActionMask = 2147483647;
			files = (
				F64578D826A603440098D855 /* ToDoListAppUITests.swift in Sources */,
			);
			runOnlyForDeploymentPostprocessing = 0;
		};
/* End PBXSourcesBuildPhase section */

/* Begin PBXTargetDependency section */
		F64578CA26A603440098D855 /* PBXTargetDependency */ = {
			isa = PBXTargetDependency;
			target = F64578AE26A603430098D855 /* ToDoListApp */;
			targetProxy = F64578C926A603440098D855 /* PBXContainerItemProxy */;
		};
		F64578D526A603440098D855 /* PBXTargetDependency */ = {
			isa = PBXTargetDependency;
			target = F64578AE26A603430098D855 /* ToDoListApp */;
			targetProxy = F64578D426A603440098D855 /* PBXContainerItemProxy */;
		};
/* End PBXTargetDependency section */

/* Begin PBXVariantGroup section */
		F64578B826A603430098D855 /* Main.storyboard */ = {
			isa = PBXVariantGroup;
			children = (
				F64578B926A603430098D855 /* Base */,
			);
			name = Main.storyboard;
			sourceTree = "<group>";
		};
		F64578C026A603440098D855 /* LaunchScreen.storyboard */ = {
			isa = PBXVariantGroup;
			children = (
				F64578C126A603440098D855 /* Base */,
			);
			name = LaunchScreen.storyboard;
			sourceTree = "<group>";
		};
/* End PBXVariantGroup section */

/* Begin XCBuildConfiguration section */
		F64578DA26A603440098D855 /* Debug */ = {
			isa = XCBuildConfiguration;
			buildSettings = {
				ALWAYS_SEARCH_USER_PATHS = NO;
				CLANG_ANALYZER_NONNULL = YES;
				CLANG_ANALYZER_NUMBER_OBJECT_CONVERSION = YES_AGGRESSIVE;
				CLANG_CXX_LANGUAGE_STANDARD = "gnu++14";
				CLANG_CXX_LIBRARY = "libc++";
				CLANG_ENABLE_MODULES = YES;
				CLANG_ENABLE_OBJC_ARC = YES;
				CLANG_ENABLE_OBJC_WEAK = YES;
				CLANG_WARN_BLOCK_CAPTURE_AUTORELEASING = YES;
				CLANG_WARN_BOOL_CONVERSION = YES;
				CLANG_WARN_COMMA = YES;
				CLANG_WARN_CONSTANT_CONVERSION = YES;
				CLANG_WARN_DEPRECATED_OBJC_IMPLEMENTATIONS = YES;
				CLANG_WARN_DIRECT_OBJC_ISA_USAGE = YES_ERROR;
				CLANG_WARN_DOCUMENTATION_COMMENTS = YES;
				CLANG_WARN_EMPTY_BODY = YES;
				CLANG_WARN_ENUM_CONVERSION = YES;
				CLANG_WARN_INFINITE_RECURSION = YES;
				CLANG_WARN_INT_CONVERSION = YES;
				CLANG_WARN_NON_LITERAL_NULL_CONVERSION = YES;
				CLANG_WARN_OBJC_IMPLICIT_RETAIN_SELF = YES;
				CLANG_WARN_OBJC_LITERAL_CONVERSION = YES;
				CLANG_WARN_OBJC_ROOT_CLASS = YES_ERROR;
				CLANG_WARN_QUOTED_INCLUDE_IN_FRAMEWORK_HEADER = YES;
				CLANG_WARN_RANGE_LOOP_ANALYSIS = YES;
				CLANG_WARN_STRICT_PROTOTYPES = YES;
				CLANG_WARN_SUSPICIOUS_MOVE = YES;
				CLANG_WARN_UNGUARDED_AVAILABILITY = YES_AGGRESSIVE;
				CLANG_WARN_UNREACHABLE_CODE = YES;
				CLANG_WARN__DUPLICATE_METHOD_MATCH = YES;
				COPY_PHASE_STRIP = NO;
				DEBUG_INFORMATION_FORMAT = dwarf;
				ENABLE_STRICT_OBJC_MSGSEND = YES;
				ENABLE_TESTABILITY = YES;
				GCC_C_LANGUAGE_STANDARD = gnu11;
				GCC_DYNAMIC_NO_PIC = NO;
				GCC_NO_COMMON_BLOCKS = YES;
				GCC_OPTIMIZATION_LEVEL = 0;
				GCC_PREPROCESSOR_DEFINITIONS = (
					"DEBUG=1",
					"$(inherited)",
				);
				GCC_WARN_64_TO_32_BIT_CONVERSION = YES;
				GCC_WARN_ABOUT_RETURN_TYPE = YES_ERROR;
				GCC_WARN_UNDECLARED_SELECTOR = YES;
				GCC_WARN_UNINITIALIZED_AUTOS = YES_AGGRESSIVE;
				GCC_WARN_UNUSED_FUNCTION = YES;
				GCC_WARN_UNUSED_VARIABLE = YES;
				IPHONEOS_DEPLOYMENT_TARGET = 14.5;
				MTL_ENABLE_DEBUG_INFO = INCLUDE_SOURCE;
				MTL_FAST_MATH = YES;
				ONLY_ACTIVE_ARCH = YES;
				SDKROOT = iphoneos;
				SWIFT_ACTIVE_COMPILATION_CONDITIONS = DEBUG;
				SWIFT_OPTIMIZATION_LEVEL = "-Onone";
			};
			name = Debug;
		};
		F64578DB26A603440098D855 /* Release */ = {
			isa = XCBuildConfiguration;
			buildSettings = {
				ALWAYS_SEARCH_USER_PATHS = NO;
				CLANG_ANALYZER_NONNULL = YES;
				CLANG_ANALYZER_NUMBER_OBJECT_CONVERSION = YES_AGGRESSIVE;
				CLANG_CXX_LANGUAGE_STANDARD = "gnu++14";
				CLANG_CXX_LIBRARY = "libc++";
				CLANG_ENABLE_MODULES = YES;
				CLANG_ENABLE_OBJC_ARC = YES;
				CLANG_ENABLE_OBJC_WEAK = YES;
				CLANG_WARN_BLOCK_CAPTURE_AUTORELEASING = YES;
				CLANG_WARN_BOOL_CONVERSION = YES;
				CLANG_WARN_COMMA = YES;
				CLANG_WARN_CONSTANT_CONVERSION = YES;
				CLANG_WARN_DEPRECATED_OBJC_IMPLEMENTATIONS = YES;
				CLANG_WARN_DIRECT_OBJC_ISA_USAGE = YES_ERROR;
				CLANG_WARN_DOCUMENTATION_COMMENTS = YES;
				CLANG_WARN_EMPTY_BODY = YES;
				CLANG_WARN_ENUM_CONVERSION = YES;
				CLANG_WARN_INFINITE_RECURSION = YES;
				CLANG_WARN_INT_CONVERSION = YES;
				CLANG_WARN_NON_LITERAL_NULL_CONVERSION = YES;
				CLANG_WARN_OBJC_IMPLICIT_RETAIN_SELF = YES;
				CLANG_WARN_OBJC_LITERAL_CONVERSION = YES;
				CLANG_WARN_OBJC_ROOT_CLASS = YES_ERROR;
				CLANG_WARN_QUOTED_INCLUDE_IN_FRAMEWORK_HEADER = YES;
				CLANG_WARN_RANGE_LOOP_ANALYSIS = YES;
				CLANG_WARN_STRICT_PROTOTYPES = YES;
				CLANG_WARN_SUSPICIOUS_MOVE = YES;
				CLANG_WARN_UNGUARDED_AVAILABILITY = YES_AGGRESSIVE;
				CLANG_WARN_UNREACHABLE_CODE = YES;
				CLANG_WARN__DUPLICATE_METHOD_MATCH = YES;
				COPY_PHASE_STRIP = NO;
				DEBUG_INFORMATION_FORMAT = "dwarf-with-dsym";
				ENABLE_NS_ASSERTIONS = NO;
				ENABLE_STRICT_OBJC_MSGSEND = YES;
				GCC_C_LANGUAGE_STANDARD = gnu11;
				GCC_NO_COMMON_BLOCKS = YES;
				GCC_WARN_64_TO_32_BIT_CONVERSION = YES;
				GCC_WARN_ABOUT_RETURN_TYPE = YES_ERROR;
				GCC_WARN_UNDECLARED_SELECTOR = YES;
				GCC_WARN_UNINITIALIZED_AUTOS = YES_AGGRESSIVE;
				GCC_WARN_UNUSED_FUNCTION = YES;
				GCC_WARN_UNUSED_VARIABLE = YES;
				IPHONEOS_DEPLOYMENT_TARGET = 14.5;
				MTL_ENABLE_DEBUG_INFO = NO;
				MTL_FAST_MATH = YES;
				SDKROOT = iphoneos;
				SWIFT_COMPILATION_MODE = wholemodule;
				SWIFT_OPTIMIZATION_LEVEL = "-O";
				VALIDATE_PRODUCT = YES;
			};
			name = Release;
		};
		F64578DD26A603440098D855 /* Debug */ = {
			isa = XCBuildConfiguration;
			buildSettings = {
				ASSETCATALOG_COMPILER_APPICON_NAME = AppIcon;
				ASSETCATALOG_COMPILER_GLOBAL_ACCENT_COLOR_NAME = AccentColor;
				CODE_SIGN_STYLE = Automatic;
				INFOPLIST_FILE = ToDoListApp/Info.plist;
				LD_RUNPATH_SEARCH_PATHS = (
					"$(inherited)",
					"@executable_path/Frameworks",
				);
				PRODUCT_BUNDLE_IDENTIFIER = "kwk-2021.ToDoListApp";
				PRODUCT_NAME = "$(TARGET_NAME)";
				SWIFT_VERSION = 5.0;
				TARGETED_DEVICE_FAMILY = "1,2";
			};
			name = Debug;
		};
		F64578DE26A603440098D855 /* Release */ = {
			isa = XCBuildConfiguration;
			buildSettings = {
				ASSETCATALOG_COMPILER_APPICON_NAME = AppIcon;
				ASSETCATALOG_COMPILER_GLOBAL_ACCENT_COLOR_NAME = AccentColor;
				CODE_SIGN_STYLE = Automatic;
				INFOPLIST_FILE = ToDoListApp/Info.plist;
				LD_RUNPATH_SEARCH_PATHS = (
					"$(inherited)",
					"@executable_path/Frameworks",
				);
				PRODUCT_BUNDLE_IDENTIFIER = "kwk-2021.ToDoListApp";
				PRODUCT_NAME = "$(TARGET_NAME)";
				SWIFT_VERSION = 5.0;
				TARGETED_DEVICE_FAMILY = "1,2";
			};
			name = Release;
		};
		F64578E026A603440098D855 /* Debug */ = {
			isa = XCBuildConfiguration;
			buildSettings = {
				ALWAYS_EMBED_SWIFT_STANDARD_LIBRARIES = YES;
				BUNDLE_LOADER = "$(TEST_HOST)";
				CODE_SIGN_STYLE = Automatic;
				INFOPLIST_FILE = ToDoListAppTests/Info.plist;
				IPHONEOS_DEPLOYMENT_TARGET = 14.5;
				LD_RUNPATH_SEARCH_PATHS = (
					"$(inherited)",
					"@executable_path/Frameworks",
					"@loader_path/Frameworks",
				);
				PRODUCT_BUNDLE_IDENTIFIER = "kwk-2021.ToDoListAppTests";
				PRODUCT_NAME = "$(TARGET_NAME)";
				SWIFT_VERSION = 5.0;
				TARGETED_DEVICE_FAMILY = "1,2";
				TEST_HOST = "$(BUILT_PRODUCTS_DIR)/ToDoListApp.app/ToDoListApp";
			};
			name = Debug;
		};
		F64578E126A603440098D855 /* Release */ = {
			isa = XCBuildConfiguration;
			buildSettings = {
				ALWAYS_EMBED_SWIFT_STANDARD_LIBRARIES = YES;
				BUNDLE_LOADER = "$(TEST_HOST)";
				CODE_SIGN_STYLE = Automatic;
				INFOPLIST_FILE = ToDoListAppTests/Info.plist;
				IPHONEOS_DEPLOYMENT_TARGET = 14.5;
				LD_RUNPATH_SEARCH_PATHS = (
					"$(inherited)",
					"@executable_path/Frameworks",
					"@loader_path/Frameworks",
				);
				PRODUCT_BUNDLE_IDENTIFIER = "kwk-2021.ToDoListAppTests";
				PRODUCT_NAME = "$(TARGET_NAME)";
				SWIFT_VERSION = 5.0;
				TARGETED_DEVICE_FAMILY = "1,2";
				TEST_HOST = "$(BUILT_PRODUCTS_DIR)/ToDoListApp.app/ToDoListApp";
			};
			name = Release;
		};
		F64578E326A603440098D855 /* Debug */ = {
			isa = XCBuildConfiguration;
			buildSettings = {
				ALWAYS_EMBED_SWIFT_STANDARD_LIBRARIES = YES;
				CODE_SIGN_STYLE = Automatic;
				INFOPLIST_FILE = ToDoListAppUITests/Info.plist;
				LD_RUNPATH_SEARCH_PATHS = (
					"$(inherited)",
					"@executable_path/Frameworks",
					"@loader_path/Frameworks",
				);
				PRODUCT_BUNDLE_IDENTIFIER = "kwk-2021.ToDoListAppUITests";
				PRODUCT_NAME = "$(TARGET_NAME)";
				SWIFT_VERSION = 5.0;
				TARGETED_DEVICE_FAMILY = "1,2";
				TEST_TARGET_NAME = ToDoListApp;
			};
			name = Debug;
		};
		F64578E426A603440098D855 /* Release */ = {
			isa = XCBuildConfiguration;
			buildSettings = {
				ALWAYS_EMBED_SWIFT_STANDARD_LIBRARIES = YES;
				CODE_SIGN_STYLE = Automatic;
				INFOPLIST_FILE = ToDoListAppUITests/Info.plist;
				LD_RUNPATH_SEARCH_PATHS = (
					"$(inherited)",
					"@executable_path/Frameworks",
					"@loader_path/Frameworks",
				);
				PRODUCT_BUNDLE_IDENTIFIER = "kwk-2021.ToDoListAppUITests";
				PRODUCT_NAME = "$(TARGET_NAME)";
				SWIFT_VERSION = 5.0;
				TARGETED_DEVICE_FAMILY = "1,2";
				TEST_TARGET_NAME = ToDoListApp;
			};
			name = Release;
		};
/* End XCBuildConfiguration section */

/* Begin XCConfigurationList section */
		F64578AA26A603430098D855 /* Build configuration list for PBXProject "ToDoListApp" */ = {
			isa = XCConfigurationList;
			buildConfigurations = (
				F64578DA26A603440098D855 /* Debug */,
				F64578DB26A603440098D855 /* Release */,
			);
			defaultConfigurationIsVisible = 0;
			defaultConfigurationName = Release;
		};
		F64578DC26A603440098D855 /* Build configuration list for PBXNativeTarget "ToDoListApp" */ = {
			isa = XCConfigurationList;
			buildConfigurations = (
				F64578DD26A603440098D855 /* Debug */,
				F64578DE26A603440098D855 /* Release */,
			);
			defaultConfigurationIsVisible = 0;
			defaultConfigurationName = Release;
		};
		F64578DF26A603440098D855 /* Build configuration list for PBXNativeTarget "ToDoListAppTests" */ = {
			isa = XCConfigurationList;
			buildConfigurations = (
				F64578E026A603440098D855 /* Debug */,
				F64578E126A603440098D855 /* Release */,
			);
			defaultConfigurationIsVisible = 0;
			defaultConfigurationName = Release;
		};
		F64578E226A603440098D855 /* Build configuration list for PBXNativeTarget "ToDoListAppUITests" */ = {
			isa = XCConfigurationList;
			buildConfigurations = (
				F64578E326A603440098D855 /* Debug */,
				F64578E426A603440098D855 /* Release */,
			);
			defaultConfigurationIsVisible = 0;
			defaultConfigurationName = Release;
		};
/* End XCConfigurationList section */

/* Begin XCVersionGroup section */
		F64578BB26A603430098D855 /* ToDoListApp.xcdatamodeld */ = {
			isa = XCVersionGroup;
			children = (
				F64578BC26A603430098D855 /* ToDoListApp.xcdatamodel */,
			);
			currentVersion = F64578BC26A603430098D855 /* ToDoListApp.xcdatamodel */;
			path = ToDoListApp.xcdatamodeld;
			sourceTree = "<group>";
			versionGroupType = wrapper.xcdatamodel;
		};
/* End XCVersionGroup section */
	};
	rootObject = F64578A726A603430098D855 /* Project object */;
}
