// !$*UTF8*$!
{
	archiveVersion = 1;
	classes = {
	};
	objectVersion = 50;
	objects = {

/* Begin PBXBuildFile section */
		F6AA4FB4269F6A1400972DC1 /* AppDelegate.swift in Sources */ = {isa = PBXBuildFile; fileRef = F6AA4FB3269F6A1400972DC1 /* AppDelegate.swift */; };
		F6AA4FB6269F6A1400972DC1 /* SceneDelegate.swift in Sources */ = {isa = PBXBuildFile; fileRef = F6AA4FB5269F6A1400972DC1 /* SceneDelegate.swift */; };
		F6AA4FB8269F6A1400972DC1 /* ViewController.swift in Sources */ = {isa = PBXBuildFile; fileRef = F6AA4FB7269F6A1400972DC1 /* ViewController.swift */; };
		F6AA4FBB269F6A1400972DC1 /* Main.storyboard in Resources */ = {isa = PBXBuildFile; fileRef = F6AA4FB9269F6A1400972DC1 /* Main.storyboard */; };
		F6AA4FBE269F6A1400972DC1 /* Action.xcdatamodeld in Sources */ = {isa = PBXBuildFile; fileRef = F6AA4FBC269F6A1400972DC1 /* Action.xcdatamodeld */; };
		F6AA4FC0269F6A1400972DC1 /* Assets.xcassets in Resources */ = {isa = PBXBuildFile; fileRef = F6AA4FBF269F6A1400972DC1 /* Assets.xcassets */; };
		F6AA4FC3269F6A1400972DC1 /* LaunchScreen.storyboard in Resources */ = {isa = PBXBuildFile; fileRef = F6AA4FC1269F6A1400972DC1 /* LaunchScreen.storyboard */; };
		F6AA4FCE269F6A1400972DC1 /* ActionTests.swift in Sources */ = {isa = PBXBuildFile; fileRef = F6AA4FCD269F6A1400972DC1 /* ActionTests.swift */; };
		F6AA4FD9269F6A1400972DC1 /* ActionUITests.swift in Sources */ = {isa = PBXBuildFile; fileRef = F6AA4FD8269F6A1400972DC1 /* ActionUITests.swift */; };
/* End PBXBuildFile section */

/* Begin PBXContainerItemProxy section */
		F6AA4FCA269F6A1400972DC1 /* PBXContainerItemProxy */ = {
			isa = PBXContainerItemProxy;
			containerPortal = F6AA4FA8269F6A1400972DC1 /* Project object */;
			proxyType = 1;
			remoteGlobalIDString = F6AA4FAF269F6A1400972DC1;
			remoteInfo = Action;
		};
		F6AA4FD5269F6A1400972DC1 /* PBXContainerItemProxy */ = {
			isa = PBXContainerItemProxy;
			containerPortal = F6AA4FA8269F6A1400972DC1 /* Project object */;
			proxyType = 1;
			remoteGlobalIDString = F6AA4FAF269F6A1400972DC1;
			remoteInfo = Action;
		};
/* End PBXContainerItemProxy section */

/* Begin PBXFileReference section */
		F6AA4FB0269F6A1400972DC1 /* Action.app */ = {isa = PBXFileReference; explicitFileType = wrapper.application; includeInIndex = 0; path = Action.app; sourceTree = BUILT_PRODUCTS_DIR; };
		F6AA4FB3269F6A1400972DC1 /* AppDelegate.swift */ = {isa = PBXFileReference; lastKnownFileType = sourcecode.swift; path = AppDelegate.swift; sourceTree = "<group>"; };
		F6AA4FB5269F6A1400972DC1 /* SceneDelegate.swift */ = {isa = PBXFileReference; lastKnownFileType = sourcecode.swift; path = SceneDelegate.swift; sourceTree = "<group>"; };
		F6AA4FB7269F6A1400972DC1 /* ViewController.swift */ = {isa = PBXFileReference; lastKnownFileType = sourcecode.swift; path = ViewController.swift; sourceTree = "<group>"; };
		F6AA4FBA269F6A1400972DC1 /* Base */ = {isa = PBXFileReference; lastKnownFileType = file.storyboard; name = Base; path = Base.lproj/Main.storyboard; sourceTree = "<group>"; };
		F6AA4FBD269F6A1400972DC1 /* Action.xcdatamodel */ = {isa = PBXFileReference; lastKnownFileType = wrapper.xcdatamodel; path = Action.xcdatamodel; sourceTree = "<group>"; };
		F6AA4FBF269F6A1400972DC1 /* Assets.xcassets */ = {isa = PBXFileReference; lastKnownFileType = folder.assetcatalog; path = Assets.xcassets; sourceTree = "<group>"; };
		F6AA4FC2269F6A1400972DC1 /* Base */ = {isa = PBXFileReference; lastKnownFileType = file.storyboard; name = Base; path = Base.lproj/LaunchScreen.storyboard; sourceTree = "<group>"; };
		F6AA4FC4269F6A1400972DC1 /* Info.plist */ = {isa = PBXFileReference; lastKnownFileType = text.plist.xml; path = Info.plist; sourceTree = "<group>"; };
		F6AA4FC9269F6A1400972DC1 /* ActionTests.xctest */ = {isa = PBXFileReference; explicitFileType = wrapper.cfbundle; includeInIndex = 0; path = ActionTests.xctest; sourceTree = BUILT_PRODUCTS_DIR; };
		F6AA4FCD269F6A1400972DC1 /* ActionTests.swift */ = {isa = PBXFileReference; lastKnownFileType = sourcecode.swift; path = ActionTests.swift; sourceTree = "<group>"; };
		F6AA4FCF269F6A1400972DC1 /* Info.plist */ = {isa = PBXFileReference; lastKnownFileType = text.plist.xml; path = Info.plist; sourceTree = "<group>"; };
		F6AA4FD4269F6A1400972DC1 /* ActionUITests.xctest */ = {isa = PBXFileReference; explicitFileType = wrapper.cfbundle; includeInIndex = 0; path = ActionUITests.xctest; sourceTree = BUILT_PRODUCTS_DIR; };
		F6AA4FD8269F6A1400972DC1 /* ActionUITests.swift */ = {isa = PBXFileReference; lastKnownFileType = sourcecode.swift; path = ActionUITests.swift; sourceTree = "<group>"; };
		F6AA4FDA269F6A1400972DC1 /* Info.plist */ = {isa = PBXFileReference; lastKnownFileType = text.plist.xml; path = Info.plist; sourceTree = "<group>"; };
/* End PBXFileReference section */

/* Begin PBXFrameworksBuildPhase section */
		F6AA4FAD269F6A1400972DC1 /* Frameworks */ = {
			isa = PBXFrameworksBuildPhase;
			buildActionMask = 2147483647;
			files = (
			);
			runOnlyForDeploymentPostprocessing = 0;
		};
		F6AA4FC6269F6A1400972DC1 /* Frameworks */ = {
			isa = PBXFrameworksBuildPhase;
			buildActionMask = 2147483647;
			files = (
			);
			runOnlyForDeploymentPostprocessing = 0;
		};
		F6AA4FD1269F6A1400972DC1 /* Frameworks */ = {
			isa = PBXFrameworksBuildPhase;
			buildActionMask = 2147483647;
			files = (
			);
			runOnlyForDeploymentPostprocessing = 0;
		};
/* End PBXFrameworksBuildPhase section */

/* Begin PBXGroup section */
		F6AA4FA7269F6A1400972DC1 = {
			isa = PBXGroup;
			children = (
				F6AA4FB2269F6A1400972DC1 /* Action */,
				F6AA4FCC269F6A1400972DC1 /* ActionTests */,
				F6AA4FD7269F6A1400972DC1 /* ActionUITests */,
				F6AA4FB1269F6A1400972DC1 /* Products */,
			);
			sourceTree = "<group>";
		};
		F6AA4FB1269F6A1400972DC1 /* Products */ = {
			isa = PBXGroup;
			children = (
				F6AA4FB0269F6A1400972DC1 /* Action.app */,
				F6AA4FC9269F6A1400972DC1 /* ActionTests.xctest */,
				F6AA4FD4269F6A1400972DC1 /* ActionUITests.xctest */,
			);
			name = Products;
			sourceTree = "<group>";
		};
		F6AA4FB2269F6A1400972DC1 /* Action */ = {
			isa = PBXGroup;
			children = (
				F6AA4FB3269F6A1400972DC1 /* AppDelegate.swift */,
				F6AA4FB5269F6A1400972DC1 /* SceneDelegate.swift */,
				F6AA4FB7269F6A1400972DC1 /* ViewController.swift */,
				F6AA4FB9269F6A1400972DC1 /* Main.storyboard */,
				F6AA4FBF269F6A1400972DC1 /* Assets.xcassets */,
				F6AA4FC1269F6A1400972DC1 /* LaunchScreen.storyboard */,
				F6AA4FC4269F6A1400972DC1 /* Info.plist */,
				F6AA4FBC269F6A1400972DC1 /* Action.xcdatamodeld */,
			);
			path = Action;
			sourceTree = "<group>";
		};
		F6AA4FCC269F6A1400972DC1 /* ActionTests */ = {
			isa = PBXGroup;
			children = (
				F6AA4FCD269F6A1400972DC1 /* ActionTests.swift */,
				F6AA4FCF269F6A1400972DC1 /* Info.plist */,
			);
			path = ActionTests;
			sourceTree = "<group>";
		};
		F6AA4FD7269F6A1400972DC1 /* ActionUITests */ = {
			isa = PBXGroup;
			children = (
				F6AA4FD8269F6A1400972DC1 /* ActionUITests.swift */,
				F6AA4FDA269F6A1400972DC1 /* Info.plist */,
			);
			path = ActionUITests;
			sourceTree = "<group>";
		};
/* End PBXGroup section */

/* Begin PBXNativeTarget section */
		F6AA4FAF269F6A1400972DC1 /* Action */ = {
			isa = PBXNativeTarget;
			buildConfigurationList = F6AA4FDD269F6A1400972DC1 /* Build configuration list for PBXNativeTarget "Action" */;
			buildPhases = (
				F6AA4FAC269F6A1400972DC1 /* Sources */,
				F6AA4FAD269F6A1400972DC1 /* Frameworks */,
				F6AA4FAE269F6A1400972DC1 /* Resources */,
			);
			buildRules = (
			);
			dependencies = (
			);
			name = Action;
			productName = Action;
			productReference = F6AA4FB0269F6A1400972DC1 /* Action.app */;
			productType = "com.apple.product-type.application";
		};
		F6AA4FC8269F6A1400972DC1 /* ActionTests */ = {
			isa = PBXNativeTarget;
			buildConfigurationList = F6AA4FE0269F6A1400972DC1 /* Build configuration list for PBXNativeTarget "ActionTests" */;
			buildPhases = (
				F6AA4FC5269F6A1400972DC1 /* Sources */,
				F6AA4FC6269F6A1400972DC1 /* Frameworks */,
				F6AA4FC7269F6A1400972DC1 /* Resources */,
			);
			buildRules = (
			);
			dependencies = (
				F6AA4FCB269F6A1400972DC1 /* PBXTargetDependency */,
			);
			name = ActionTests;
			productName = ActionTests;
			productReference = F6AA4FC9269F6A1400972DC1 /* ActionTests.xctest */;
			productType = "com.apple.product-type.bundle.unit-test";
		};
		F6AA4FD3269F6A1400972DC1 /* ActionUITests */ = {
			isa = PBXNativeTarget;
			buildConfigurationList = F6AA4FE3269F6A1400972DC1 /* Build configuration list for PBXNativeTarget "ActionUITests" */;
			buildPhases = (
				F6AA4FD0269F6A1400972DC1 /* Sources */,
				F6AA4FD1269F6A1400972DC1 /* Frameworks */,
				F6AA4FD2269F6A1400972DC1 /* Resources */,
			);
			buildRules = (
			);
			dependencies = (
				F6AA4FD6269F6A1400972DC1 /* PBXTargetDependency */,
			);
			name = ActionUITests;
			productName = ActionUITests;
			productReference = F6AA4FD4269F6A1400972DC1 /* ActionUITests.xctest */;
			productType = "com.apple.product-type.bundle.ui-testing";
		};
/* End PBXNativeTarget section */

/* Begin PBXProject section */
		F6AA4FA8269F6A1400972DC1 /* Project object */ = {
			isa = PBXProject;
			attributes = {
				LastSwiftUpdateCheck = 1250;
				LastUpgradeCheck = 1250;
				TargetAttributes = {
					F6AA4FAF269F6A1400972DC1 = {
						CreatedOnToolsVersion = 12.5.1;
					};
					F6AA4FC8269F6A1400972DC1 = {
						CreatedOnToolsVersion = 12.5.1;
						TestTargetID = F6AA4FAF269F6A1400972DC1;
					};
					F6AA4FD3269F6A1400972DC1 = {
						CreatedOnToolsVersion = 12.5.1;
						TestTargetID = F6AA4FAF269F6A1400972DC1;
					};
				};
			};
			buildConfigurationList = F6AA4FAB269F6A1400972DC1 /* Build configuration list for PBXProject "Action" */;
			compatibilityVersion = "Xcode 9.3";
			developmentRegion = en;
			hasScannedForEncodings = 0;
			knownRegions = (
				en,
				Base,
			);
			mainGroup = F6AA4FA7269F6A1400972DC1;
			productRefGroup = F6AA4FB1269F6A1400972DC1 /* Products */;
			projectDirPath = "";
			projectRoot = "";
			targets = (
				F6AA4FAF269F6A1400972DC1 /* Action */,
				F6AA4FC8269F6A1400972DC1 /* ActionTests */,
				F6AA4FD3269F6A1400972DC1 /* ActionUITests */,
			);
		};
/* End PBXProject section */

/* Begin PBXResourcesBuildPhase section */
		F6AA4FAE269F6A1400972DC1 /* Resources */ = {
			isa = PBXResourcesBuildPhase;
			buildActionMask = 2147483647;
			files = (
				F6AA4FC3269F6A1400972DC1 /* LaunchScreen.storyboard in Resources */,
				F6AA4FC0269F6A1400972DC1 /* Assets.xcassets in Resources */,
				F6AA4FBB269F6A1400972DC1 /* Main.storyboard in Resources */,
			);
			runOnlyForDeploymentPostprocessing = 0;
		};
		F6AA4FC7269F6A1400972DC1 /* Resources */ = {
			isa = PBXResourcesBuildPhase;
			buildActionMask = 2147483647;
			files = (
			);
			runOnlyForDeploymentPostprocessing = 0;
		};
		F6AA4FD2269F6A1400972DC1 /* Resources */ = {
			isa = PBXResourcesBuildPhase;
			buildActionMask = 2147483647;
			files = (
			);
			runOnlyForDeploymentPostprocessing = 0;
		};
/* End PBXResourcesBuildPhase section */

/* Begin PBXSourcesBuildPhase section */
		F6AA4FAC269F6A1400972DC1 /* Sources */ = {
			isa = PBXSourcesBuildPhase;
			buildActionMask = 2147483647;
			files = (
				F6AA4FB8269F6A1400972DC1 /* ViewController.swift in Sources */,
				F6AA4FBE269F6A1400972DC1 /* Action.xcdatamodeld in Sources */,
				F6AA4FB4269F6A1400972DC1 /* AppDelegate.swift in Sources */,
				F6AA4FB6269F6A1400972DC1 /* SceneDelegate.swift in Sources */,
			);
			runOnlyForDeploymentPostprocessing = 0;
		};
		F6AA4FC5269F6A1400972DC1 /* Sources */ = {
			isa = PBXSourcesBuildPhase;
			buildActionMask = 2147483647;
			files = (
				F6AA4FCE269F6A1400972DC1 /* ActionTests.swift in Sources */,
			);
			runOnlyForDeploymentPostprocessing = 0;
		};
		F6AA4FD0269F6A1400972DC1 /* Sources */ = {
			isa = PBXSourcesBuildPhase;
			buildActionMask = 2147483647;
			files = (
				F6AA4FD9269F6A1400972DC1 /* ActionUITests.swift in Sources */,
			);
			runOnlyForDeploymentPostprocessing = 0;
		};
/* End PBXSourcesBuildPhase section */

/* Begin PBXTargetDependency section */
		F6AA4FCB269F6A1400972DC1 /* PBXTargetDependency */ = {
			isa = PBXTargetDependency;
			target = F6AA4FAF269F6A1400972DC1 /* Action */;
			targetProxy = F6AA4FCA269F6A1400972DC1 /* PBXContainerItemProxy */;
		};
		F6AA4FD6269F6A1400972DC1 /* PBXTargetDependency */ = {
			isa = PBXTargetDependency;
			target = F6AA4FAF269F6A1400972DC1 /* Action */;
			targetProxy = F6AA4FD5269F6A1400972DC1 /* PBXContainerItemProxy */;
		};
/* End PBXTargetDependency section */

/* Begin PBXVariantGroup section */
		F6AA4FB9269F6A1400972DC1 /* Main.storyboard */ = {
			isa = PBXVariantGroup;
			children = (
				F6AA4FBA269F6A1400972DC1 /* Base */,
			);
			name = Main.storyboard;
			sourceTree = "<group>";
		};
		F6AA4FC1269F6A1400972DC1 /* LaunchScreen.storyboard */ = {
			isa = PBXVariantGroup;
			children = (
				F6AA4FC2269F6A1400972DC1 /* Base */,
			);
			name = LaunchScreen.storyboard;
			sourceTree = "<group>";
		};
/* End PBXVariantGroup section */

/* Begin XCBuildConfiguration section */
		F6AA4FDB269F6A1400972DC1 /* Debug */ = {
			isa = XCBuildConfiguration;
			buildSettings = {
				ALWAYS_SEARCH_USER_PATHS = NO;
				CLANG_ANALYZER_NONNULL = YES;
				CLANG_ANALYZER_NUMBER_OBJECT_CONVERSION = YES_AGGRESSIVE;
				CLANG_CXX_LANGUAGE_STANDARD = "gnu++14";
				CLANG_CXX_LIBRARY = "libc++";
				CLANG_ENABLE_MODULES = YES;
				CLANG_ENABLE_OBJC_ARC = YES;
				CLANG_ENABLE_OBJC_WEAK = YES;
				CLANG_WARN_BLOCK_CAPTURE_AUTORELEASING = YES;
				CLANG_WARN_BOOL_CONVERSION = YES;
				CLANG_WARN_COMMA = YES;
				CLANG_WARN_CONSTANT_CONVERSION = YES;
				CLANG_WARN_DEPRECATED_OBJC_IMPLEMENTATIONS = YES;
				CLANG_WARN_DIRECT_OBJC_ISA_USAGE = YES_ERROR;
				CLANG_WARN_DOCUMENTATION_COMMENTS = YES;
				CLANG_WARN_EMPTY_BODY = YES;
				CLANG_WARN_ENUM_CONVERSION = YES;
				CLANG_WARN_INFINITE_RECURSION = YES;
				CLANG_WARN_INT_CONVERSION = YES;
				CLANG_WARN_NON_LITERAL_NULL_CONVERSION = YES;
				CLANG_WARN_OBJC_IMPLICIT_RETAIN_SELF = YES;
				CLANG_WARN_OBJC_LITERAL_CONVERSION = YES;
				CLANG_WARN_OBJC_ROOT_CLASS = YES_ERROR;
				CLANG_WARN_QUOTED_INCLUDE_IN_FRAMEWORK_HEADER = YES;
				CLANG_WARN_RANGE_LOOP_ANALYSIS = YES;
				CLANG_WARN_STRICT_PROTOTYPES = YES;
				CLANG_WARN_SUSPICIOUS_MOVE = YES;
				CLANG_WARN_UNGUARDED_AVAILABILITY = YES_AGGRESSIVE;
				CLANG_WARN_UNREACHABLE_CODE = YES;
				CLANG_WARN__DUPLICATE_METHOD_MATCH = YES;
				COPY_PHASE_STRIP = NO;
				DEBUG_INFORMATION_FORMAT = dwarf;
				ENABLE_STRICT_OBJC_MSGSEND = YES;
				ENABLE_TESTABILITY = YES;
				GCC_C_LANGUAGE_STANDARD = gnu11;
				GCC_DYNAMIC_NO_PIC = NO;
				GCC_NO_COMMON_BLOCKS = YES;
				GCC_OPTIMIZATION_LEVEL = 0;
				GCC_PREPROCESSOR_DEFINITIONS = (
					"DEBUG=1",
					"$(inherited)",
				);
				GCC_WARN_64_TO_32_BIT_CONVERSION = YES;
				GCC_WARN_ABOUT_RETURN_TYPE = YES_ERROR;
				GCC_WARN_UNDECLARED_SELECTOR = YES;
				GCC_WARN_UNINITIALIZED_AUTOS = YES_AGGRESSIVE;
				GCC_WARN_UNUSED_FUNCTION = YES;
				GCC_WARN_UNUSED_VARIABLE = YES;
				IPHONEOS_DEPLOYMENT_TARGET = 14.5;
				MTL_ENABLE_DEBUG_INFO = INCLUDE_SOURCE;
				MTL_FAST_MATH = YES;
				ONLY_ACTIVE_ARCH = YES;
				SDKROOT = iphoneos;
				SWIFT_ACTIVE_COMPILATION_CONDITIONS = DEBUG;
				SWIFT_OPTIMIZATION_LEVEL = "-Onone";
			};
			name = Debug;
		};
		F6AA4FDC269F6A1400972DC1 /* Release */ = {
			isa = XCBuildConfiguration;
			buildSettings = {
				ALWAYS_SEARCH_USER_PATHS = NO;
				CLANG_ANALYZER_NONNULL = YES;
				CLANG_ANALYZER_NUMBER_OBJECT_CONVERSION = YES_AGGRESSIVE;
				CLANG_CXX_LANGUAGE_STANDARD = "gnu++14";
				CLANG_CXX_LIBRARY = "libc++";
				CLANG_ENABLE_MODULES = YES;
				CLANG_ENABLE_OBJC_ARC = YES;
				CLANG_ENABLE_OBJC_WEAK = YES;
				CLANG_WARN_BLOCK_CAPTURE_AUTORELEASING = YES;
				CLANG_WARN_BOOL_CONVERSION = YES;
				CLANG_WARN_COMMA = YES;
				CLANG_WARN_CONSTANT_CONVERSION = YES;
				CLANG_WARN_DEPRECATED_OBJC_IMPLEMENTATIONS = YES;
				CLANG_WARN_DIRECT_OBJC_ISA_USAGE = YES_ERROR;
				CLANG_WARN_DOCUMENTATION_COMMENTS = YES;
				CLANG_WARN_EMPTY_BODY = YES;
				CLANG_WARN_ENUM_CONVERSION = YES;
				CLANG_WARN_INFINITE_RECURSION = YES;
				CLANG_WARN_INT_CONVERSION = YES;
				CLANG_WARN_NON_LITERAL_NULL_CONVERSION = YES;
				CLANG_WARN_OBJC_IMPLICIT_RETAIN_SELF = YES;
				CLANG_WARN_OBJC_LITERAL_CONVERSION = YES;
				CLANG_WARN_OBJC_ROOT_CLASS = YES_ERROR;
				CLANG_WARN_QUOTED_INCLUDE_IN_FRAMEWORK_HEADER = YES;
				CLANG_WARN_RANGE_LOOP_ANALYSIS = YES;
				CLANG_WARN_STRICT_PROTOTYPES = YES;
				CLANG_WARN_SUSPICIOUS_MOVE = YES;
				CLANG_WARN_UNGUARDED_AVAILABILITY = YES_AGGRESSIVE;
				CLANG_WARN_UNREACHABLE_CODE = YES;
				CLANG_WARN__DUPLICATE_METHOD_MATCH = YES;
				COPY_PHASE_STRIP = NO;
				DEBUG_INFORMATION_FORMAT = "dwarf-with-dsym";
				ENABLE_NS_ASSERTIONS = NO;
				ENABLE_STRICT_OBJC_MSGSEND = YES;
				GCC_C_LANGUAGE_STANDARD = gnu11;
				GCC_NO_COMMON_BLOCKS = YES;
				GCC_WARN_64_TO_32_BIT_CONVERSION = YES;
				GCC_WARN_ABOUT_RETURN_TYPE = YES_ERROR;
				GCC_WARN_UNDECLARED_SELECTOR = YES;
				GCC_WARN_UNINITIALIZED_AUTOS = YES_AGGRESSIVE;
				GCC_WARN_UNUSED_FUNCTION = YES;
				GCC_WARN_UNUSED_VARIABLE = YES;
				IPHONEOS_DEPLOYMENT_TARGET = 14.5;
				MTL_ENABLE_DEBUG_INFO = NO;
				MTL_FAST_MATH = YES;
				SDKROOT = iphoneos;
				SWIFT_COMPILATION_MODE = wholemodule;
				SWIFT_OPTIMIZATION_LEVEL = "-O";
				VALIDATE_PRODUCT = YES;
			};
			name = Release;
		};
		F6AA4FDE269F6A1400972DC1 /* Debug */ = {
			isa = XCBuildConfiguration;
			buildSettings = {
				ASSETCATALOG_COMPILER_APPICON_NAME = AppIcon;
				ASSETCATALOG_COMPILER_GLOBAL_ACCENT_COLOR_NAME = AccentColor;
				CODE_SIGN_STYLE = Automatic;
				INFOPLIST_FILE = Action/Info.plist;
				LD_RUNPATH_SEARCH_PATHS = (
					"$(inherited)",
					"@executable_path/Frameworks",
				);
				PRODUCT_BUNDLE_IDENTIFIER = "kwk-2021.Action";
				PRODUCT_NAME = "$(TARGET_NAME)";
				SWIFT_VERSION = 5.0;
				TARGETED_DEVICE_FAMILY = "1,2";
			};
			name = Debug;
		};
		F6AA4FDF269F6A1400972DC1 /* Release */ = {
			isa = XCBuildConfiguration;
			buildSettings = {
				ASSETCATALOG_COMPILER_APPICON_NAME = AppIcon;
				ASSETCATALOG_COMPILER_GLOBAL_ACCENT_COLOR_NAME = AccentColor;
				CODE_SIGN_STYLE = Automatic;
				INFOPLIST_FILE = Action/Info.plist;
				LD_RUNPATH_SEARCH_PATHS = (
					"$(inherited)",
					"@executable_path/Frameworks",
				);
				PRODUCT_BUNDLE_IDENTIFIER = "kwk-2021.Action";
				PRODUCT_NAME = "$(TARGET_NAME)";
				SWIFT_VERSION = 5.0;
				TARGETED_DEVICE_FAMILY = "1,2";
			};
			name = Release;
		};
		F6AA4FE1269F6A1400972DC1 /* Debug */ = {
			isa = XCBuildConfiguration;
			buildSettings = {
				ALWAYS_EMBED_SWIFT_STANDARD_LIBRARIES = YES;
				BUNDLE_LOADER = "$(TEST_HOST)";
				CODE_SIGN_STYLE = Automatic;
				INFOPLIST_FILE = ActionTests/Info.plist;
				IPHONEOS_DEPLOYMENT_TARGET = 14.5;
				LD_RUNPATH_SEARCH_PATHS = (
					"$(inherited)",
					"@executable_path/Frameworks",
					"@loader_path/Frameworks",
				);
				PRODUCT_BUNDLE_IDENTIFIER = "kwk-2021.ActionTests";
				PRODUCT_NAME = "$(TARGET_NAME)";
				SWIFT_VERSION = 5.0;
				TARGETED_DEVICE_FAMILY = "1,2";
				TEST_HOST = "$(BUILT_PRODUCTS_DIR)/Action.app/Action";
			};
			name = Debug;
		};
		F6AA4FE2269F6A1400972DC1 /* Release */ = {
			isa = XCBuildConfiguration;
			buildSettings = {
				ALWAYS_EMBED_SWIFT_STANDARD_LIBRARIES = YES;
				BUNDLE_LOADER = "$(TEST_HOST)";
				CODE_SIGN_STYLE = Automatic;
				INFOPLIST_FILE = ActionTests/Info.plist;
				IPHONEOS_DEPLOYMENT_TARGET = 14.5;
				LD_RUNPATH_SEARCH_PATHS = (
					"$(inherited)",
					"@executable_path/Frameworks",
					"@loader_path/Frameworks",
				);
				PRODUCT_BUNDLE_IDENTIFIER = "kwk-2021.ActionTests";
				PRODUCT_NAME = "$(TARGET_NAME)";
				SWIFT_VERSION = 5.0;
				TARGETED_DEVICE_FAMILY = "1,2";
				TEST_HOST = "$(BUILT_PRODUCTS_DIR)/Action.app/Action";
			};
			name = Release;
		};
		F6AA4FE4269F6A1400972DC1 /* Debug */ = {
			isa = XCBuildConfiguration;
			buildSettings = {
				ALWAYS_EMBED_SWIFT_STANDARD_LIBRARIES = YES;
				CODE_SIGN_STYLE = Automatic;
				INFOPLIST_FILE = ActionUITests/Info.plist;
				LD_RUNPATH_SEARCH_PATHS = (
					"$(inherited)",
					"@executable_path/Frameworks",
					"@loader_path/Frameworks",
				);
				PRODUCT_BUNDLE_IDENTIFIER = "kwk-2021.ActionUITests";
				PRODUCT_NAME = "$(TARGET_NAME)";
				SWIFT_VERSION = 5.0;
				TARGETED_DEVICE_FAMILY = "1,2";
				TEST_TARGET_NAME = Action;
			};
			name = Debug;
		};
		F6AA4FE5269F6A1400972DC1 /* Release */ = {
			isa = XCBuildConfiguration;
			buildSettings = {
				ALWAYS_EMBED_SWIFT_STANDARD_LIBRARIES = YES;
				CODE_SIGN_STYLE = Automatic;
				INFOPLIST_FILE = ActionUITests/Info.plist;
				LD_RUNPATH_SEARCH_PATHS = (
					"$(inherited)",
					"@executable_path/Frameworks",
					"@loader_path/Frameworks",
				);
				PRODUCT_BUNDLE_IDENTIFIER = "kwk-2021.ActionUITests";
				PRODUCT_NAME = "$(TARGET_NAME)";
				SWIFT_VERSION = 5.0;
				TARGETED_DEVICE_FAMILY = "1,2";
				TEST_TARGET_NAME = Action;
			};
			name = Release;
		};
/* End XCBuildConfiguration section */

/* Begin XCConfigurationList section */
		F6AA4FAB269F6A1400972DC1 /* Build configuration list for PBXProject "Action" */ = {
			isa = XCConfigurationList;
			buildConfigurations = (
				F6AA4FDB269F6A1400972DC1 /* Debug */,
				F6AA4FDC269F6A1400972DC1 /* Release */,
			);
			defaultConfigurationIsVisible = 0;
			defaultConfigurationName = Release;
		};
		F6AA4FDD269F6A1400972DC1 /* Build configuration list for PBXNativeTarget "Action" */ = {
			isa = XCConfigurationList;
			buildConfigurations = (
				F6AA4FDE269F6A1400972DC1 /* Debug */,
				F6AA4FDF269F6A1400972DC1 /* Release */,
			);
			defaultConfigurationIsVisible = 0;
			defaultConfigurationName = Release;
		};
		F6AA4FE0269F6A1400972DC1 /* Build configuration list for PBXNativeTarget "ActionTests" */ = {
			isa = XCConfigurationList;
			buildConfigurations = (
				F6AA4FE1269F6A1400972DC1 /* Debug */,
				F6AA4FE2269F6A1400972DC1 /* Release */,
			);
			defaultConfigurationIsVisible = 0;
			defaultConfigurationName = Release;
		};
		F6AA4FE3269F6A1400972DC1 /* Build configuration list for PBXNativeTarget "ActionUITests" */ = {
			isa = XCConfigurationList;
			buildConfigurations = (
				F6AA4FE4269F6A1400972DC1 /* Debug */,
				F6AA4FE5269F6A1400972DC1 /* Release */,
			);
			defaultConfigurationIsVisible = 0;
			defaultConfigurationName = Release;
		};
/* End XCConfigurationList section */

/* Begin XCVersionGroup section */
		F6AA4FBC269F6A1400972DC1 /* Action.xcdatamodeld */ = {
			isa = XCVersionGroup;
			children = (
				F6AA4FBD269F6A1400972DC1 /* Action.xcdatamodel */,
			);
			currentVersion = F6AA4FBD269F6A1400972DC1 /* Action.xcdatamodel */;
			path = Action.xcdatamodeld;
			sourceTree = "<group>";
			versionGroupType = wrapper.xcdatamodel;
		};
/* End XCVersionGroup section */
	};
	rootObject = F6AA4FA8269F6A1400972DC1 /* Project object */;
}
