// !$*UTF8*$!
{
	archiveVersion = 1;
	classes = {
	};
	objectVersion = 50;
	objects = {

/* Begin PBXBuildFile section */
		F682EE8526A0AE8F0061D4E1 /* AppDelegate.swift in Sources */ = {isa = PBXBuildFile; fileRef = F682EE8426A0AE8F0061D4E1 /* AppDelegate.swift */; };
		F682EE8726A0AE8F0061D4E1 /* SceneDelegate.swift in Sources */ = {isa = PBXBuildFile; fileRef = F682EE8626A0AE8F0061D4E1 /* SceneDelegate.swift */; };
		F682EE8926A0AE8F0061D4E1 /* ViewController.swift in Sources */ = {isa = PBXBuildFile; fileRef = F682EE8826A0AE8F0061D4E1 /* ViewController.swift */; };
		F682EE8C26A0AE8F0061D4E1 /* Main.storyboard in Resources */ = {isa = PBXBuildFile; fileRef = F682EE8A26A0AE8F0061D4E1 /* Main.storyboard */; };
		F682EE8F26A0AE8F0061D4E1 /* Seque.xcdatamodeld in Sources */ = {isa = PBXBuildFile; fileRef = F682EE8D26A0AE8F0061D4E1 /* Seque.xcdatamodeld */; };
		F682EE9126A0AE8F0061D4E1 /* Assets.xcassets in Resources */ = {isa = PBXBuildFile; fileRef = F682EE9026A0AE8F0061D4E1 /* Assets.xcassets */; };
		F682EE9426A0AE8F0061D4E1 /* LaunchScreen.storyboard in Resources */ = {isa = PBXBuildFile; fileRef = F682EE9226A0AE8F0061D4E1 /* LaunchScreen.storyboard */; };
		F682EE9F26A0AE8F0061D4E1 /* SequeTests.swift in Sources */ = {isa = PBXBuildFile; fileRef = F682EE9E26A0AE8F0061D4E1 /* SequeTests.swift */; };
		F682EEAA26A0AE8F0061D4E1 /* SequeUITests.swift in Sources */ = {isa = PBXBuildFile; fileRef = F682EEA926A0AE8F0061D4E1 /* SequeUITests.swift */; };
/* End PBXBuildFile section */

/* Begin PBXContainerItemProxy section */
		F682EE9B26A0AE8F0061D4E1 /* PBXContainerItemProxy */ = {
			isa = PBXContainerItemProxy;
			containerPortal = F682EE7926A0AE8F0061D4E1 /* Project object */;
			proxyType = 1;
			remoteGlobalIDString = F682EE8026A0AE8F0061D4E1;
			remoteInfo = Seque;
		};
		F682EEA626A0AE8F0061D4E1 /* PBXContainerItemProxy */ = {
			isa = PBXContainerItemProxy;
			containerPortal = F682EE7926A0AE8F0061D4E1 /* Project object */;
			proxyType = 1;
			remoteGlobalIDString = F682EE8026A0AE8F0061D4E1;
			remoteInfo = Seque;
		};
/* End PBXContainerItemProxy section */

/* Begin PBXFileReference section */
		F682EE8126A0AE8F0061D4E1 /* Seque.app */ = {isa = PBXFileReference; explicitFileType = wrapper.application; includeInIndex = 0; path = Seque.app; sourceTree = BUILT_PRODUCTS_DIR; };
		F682EE8426A0AE8F0061D4E1 /* AppDelegate.swift */ = {isa = PBXFileReference; lastKnownFileType = sourcecode.swift; path = AppDelegate.swift; sourceTree = "<group>"; };
		F682EE8626A0AE8F0061D4E1 /* SceneDelegate.swift */ = {isa = PBXFileReference; lastKnownFileType = sourcecode.swift; path = SceneDelegate.swift; sourceTree = "<group>"; };
		F682EE8826A0AE8F0061D4E1 /* ViewController.swift */ = {isa = PBXFileReference; lastKnownFileType = sourcecode.swift; path = ViewController.swift; sourceTree = "<group>"; };
		F682EE8B26A0AE8F0061D4E1 /* Base */ = {isa = PBXFileReference; lastKnownFileType = file.storyboard; name = Base; path = Base.lproj/Main.storyboard; sourceTree = "<group>"; };
		F682EE8E26A0AE8F0061D4E1 /* Seque.xcdatamodel */ = {isa = PBXFileReference; lastKnownFileType = wrapper.xcdatamodel; path = Seque.xcdatamodel; sourceTree = "<group>"; };
		F682EE9026A0AE8F0061D4E1 /* Assets.xcassets */ = {isa = PBXFileReference; lastKnownFileType = folder.assetcatalog; path = Assets.xcassets; sourceTree = "<group>"; };
		F682EE9326A0AE8F0061D4E1 /* Base */ = {isa = PBXFileReference; lastKnownFileType = file.storyboard; name = Base; path = Base.lproj/LaunchScreen.storyboard; sourceTree = "<group>"; };
		F682EE9526A0AE8F0061D4E1 /* Info.plist */ = {isa = PBXFileReference; lastKnownFileType = text.plist.xml; path = Info.plist; sourceTree = "<group>"; };
		F682EE9A26A0AE8F0061D4E1 /* SequeTests.xctest */ = {isa = PBXFileReference; explicitFileType = wrapper.cfbundle; includeInIndex = 0; path = SequeTests.xctest; sourceTree = BUILT_PRODUCTS_DIR; };
		F682EE9E26A0AE8F0061D4E1 /* SequeTests.swift */ = {isa = PBXFileReference; lastKnownFileType = sourcecode.swift; path = SequeTests.swift; sourceTree = "<group>"; };
		F682EEA026A0AE8F0061D4E1 /* Info.plist */ = {isa = PBXFileReference; lastKnownFileType = text.plist.xml; path = Info.plist; sourceTree = "<group>"; };
		F682EEA526A0AE8F0061D4E1 /* SequeUITests.xctest */ = {isa = PBXFileReference; explicitFileType = wrapper.cfbundle; includeInIndex = 0; path = SequeUITests.xctest; sourceTree = BUILT_PRODUCTS_DIR; };
		F682EEA926A0AE8F0061D4E1 /* SequeUITests.swift */ = {isa = PBXFileReference; lastKnownFileType = sourcecode.swift; path = SequeUITests.swift; sourceTree = "<group>"; };
		F682EEAB26A0AE8F0061D4E1 /* Info.plist */ = {isa = PBXFileReference; lastKnownFileType = text.plist.xml; path = Info.plist; sourceTree = "<group>"; };
/* End PBXFileReference section */

/* Begin PBXFrameworksBuildPhase section */
		F682EE7E26A0AE8F0061D4E1 /* Frameworks */ = {
			isa = PBXFrameworksBuildPhase;
			buildActionMask = 2147483647;
			files = (
			);
			runOnlyForDeploymentPostprocessing = 0;
		};
		F682EE9726A0AE8F0061D4E1 /* Frameworks */ = {
			isa = PBXFrameworksBuildPhase;
			buildActionMask = 2147483647;
			files = (
			);
			runOnlyForDeploymentPostprocessing = 0;
		};
		F682EEA226A0AE8F0061D4E1 /* Frameworks */ = {
			isa = PBXFrameworksBuildPhase;
			buildActionMask = 2147483647;
			files = (
			);
			runOnlyForDeploymentPostprocessing = 0;
		};
/* End PBXFrameworksBuildPhase section */

/* Begin PBXGroup section */
		F682EE7826A0AE8F0061D4E1 = {
			isa = PBXGroup;
			children = (
				F682EE8326A0AE8F0061D4E1 /* Seque */,
				F682EE9D26A0AE8F0061D4E1 /* SequeTests */,
				F682EEA826A0AE8F0061D4E1 /* SequeUITests */,
				F682EE8226A0AE8F0061D4E1 /* Products */,
			);
			sourceTree = "<group>";
		};
		F682EE8226A0AE8F0061D4E1 /* Products */ = {
			isa = PBXGroup;
			children = (
				F682EE8126A0AE8F0061D4E1 /* Seque.app */,
				F682EE9A26A0AE8F0061D4E1 /* SequeTests.xctest */,
				F682EEA526A0AE8F0061D4E1 /* SequeUITests.xctest */,
			);
			name = Products;
			sourceTree = "<group>";
		};
		F682EE8326A0AE8F0061D4E1 /* Seque */ = {
			isa = PBXGroup;
			children = (
				F682EE8426A0AE8F0061D4E1 /* AppDelegate.swift */,
				F682EE8626A0AE8F0061D4E1 /* SceneDelegate.swift */,
				F682EE8826A0AE8F0061D4E1 /* ViewController.swift */,
				F682EE8A26A0AE8F0061D4E1 /* Main.storyboard */,
				F682EE9026A0AE8F0061D4E1 /* Assets.xcassets */,
				F682EE9226A0AE8F0061D4E1 /* LaunchScreen.storyboard */,
				F682EE9526A0AE8F0061D4E1 /* Info.plist */,
				F682EE8D26A0AE8F0061D4E1 /* Seque.xcdatamodeld */,
			);
			path = Seque;
			sourceTree = "<group>";
		};
		F682EE9D26A0AE8F0061D4E1 /* SequeTests */ = {
			isa = PBXGroup;
			children = (
				F682EE9E26A0AE8F0061D4E1 /* SequeTests.swift */,
				F682EEA026A0AE8F0061D4E1 /* Info.plist */,
			);
			path = SequeTests;
			sourceTree = "<group>";
		};
		F682EEA826A0AE8F0061D4E1 /* SequeUITests */ = {
			isa = PBXGroup;
			children = (
				F682EEA926A0AE8F0061D4E1 /* SequeUITests.swift */,
				F682EEAB26A0AE8F0061D4E1 /* Info.plist */,
			);
			path = SequeUITests;
			sourceTree = "<group>";
		};
/* End PBXGroup section */

/* Begin PBXNativeTarget section */
		F682EE8026A0AE8F0061D4E1 /* Seque */ = {
			isa = PBXNativeTarget;
			buildConfigurationList = F682EEAE26A0AE8F0061D4E1 /* Build configuration list for PBXNativeTarget "Seque" */;
			buildPhases = (
				F682EE7D26A0AE8F0061D4E1 /* Sources */,
				F682EE7E26A0AE8F0061D4E1 /* Frameworks */,
				F682EE7F26A0AE8F0061D4E1 /* Resources */,
			);
			buildRules = (
			);
			dependencies = (
			);
			name = Seque;
			productName = Seque;
			productReference = F682EE8126A0AE8F0061D4E1 /* Seque.app */;
			productType = "com.apple.product-type.application";
		};
		F682EE9926A0AE8F0061D4E1 /* SequeTests */ = {
			isa = PBXNativeTarget;
			buildConfigurationList = F682EEB126A0AE8F0061D4E1 /* Build configuration list for PBXNativeTarget "SequeTests" */;
			buildPhases = (
				F682EE9626A0AE8F0061D4E1 /* Sources */,
				F682EE9726A0AE8F0061D4E1 /* Frameworks */,
				F682EE9826A0AE8F0061D4E1 /* Resources */,
			);
			buildRules = (
			);
			dependencies = (
				F682EE9C26A0AE8F0061D4E1 /* PBXTargetDependency */,
			);
			name = SequeTests;
			productName = SequeTests;
			productReference = F682EE9A26A0AE8F0061D4E1 /* SequeTests.xctest */;
			productType = "com.apple.product-type.bundle.unit-test";
		};
		F682EEA426A0AE8F0061D4E1 /* SequeUITests */ = {
			isa = PBXNativeTarget;
			buildConfigurationList = F682EEB426A0AE8F0061D4E1 /* Build configuration list for PBXNativeTarget "SequeUITests" */;
			buildPhases = (
				F682EEA126A0AE8F0061D4E1 /* Sources */,
				F682EEA226A0AE8F0061D4E1 /* Frameworks */,
				F682EEA326A0AE8F0061D4E1 /* Resources */,
			);
			buildRules = (
			);
			dependencies = (
				F682EEA726A0AE8F0061D4E1 /* PBXTargetDependency */,
			);
			name = SequeUITests;
			productName = SequeUITests;
			productReference = F682EEA526A0AE8F0061D4E1 /* SequeUITests.xctest */;
			productType = "com.apple.product-type.bundle.ui-testing";
		};
/* End PBXNativeTarget section */

/* Begin PBXProject section */
		F682EE7926A0AE8F0061D4E1 /* Project object */ = {
			isa = PBXProject;
			attributes = {
				LastSwiftUpdateCheck = 1250;
				LastUpgradeCheck = 1250;
				TargetAttributes = {
					F682EE8026A0AE8F0061D4E1 = {
						CreatedOnToolsVersion = 12.5.1;
					};
					F682EE9926A0AE8F0061D4E1 = {
						CreatedOnToolsVersion = 12.5.1;
						TestTargetID = F682EE8026A0AE8F0061D4E1;
					};
					F682EEA426A0AE8F0061D4E1 = {
						CreatedOnToolsVersion = 12.5.1;
						TestTargetID = F682EE8026A0AE8F0061D4E1;
					};
				};
			};
			buildConfigurationList = F682EE7C26A0AE8F0061D4E1 /* Build configuration list for PBXProject "Seque" */;
			compatibilityVersion = "Xcode 9.3";
			developmentRegion = en;
			hasScannedForEncodings = 0;
			knownRegions = (
				en,
				Base,
			);
			mainGroup = F682EE7826A0AE8F0061D4E1;
			productRefGroup = F682EE8226A0AE8F0061D4E1 /* Products */;
			projectDirPath = "";
			projectRoot = "";
			targets = (
				F682EE8026A0AE8F0061D4E1 /* Seque */,
				F682EE9926A0AE8F0061D4E1 /* SequeTests */,
				F682EEA426A0AE8F0061D4E1 /* SequeUITests */,
			);
		};
/* End PBXProject section */

/* Begin PBXResourcesBuildPhase section */
		F682EE7F26A0AE8F0061D4E1 /* Resources */ = {
			isa = PBXResourcesBuildPhase;
			buildActionMask = 2147483647;
			files = (
				F682EE9426A0AE8F0061D4E1 /* LaunchScreen.storyboard in Resources */,
				F682EE9126A0AE8F0061D4E1 /* Assets.xcassets in Resources */,
				F682EE8C26A0AE8F0061D4E1 /* Main.storyboard in Resources */,
			);
			runOnlyForDeploymentPostprocessing = 0;
		};
		F682EE9826A0AE8F0061D4E1 /* Resources */ = {
			isa = PBXResourcesBuildPhase;
			buildActionMask = 2147483647;
			files = (
			);
			runOnlyForDeploymentPostprocessing = 0;
		};
		F682EEA326A0AE8F0061D4E1 /* Resources */ = {
			isa = PBXResourcesBuildPhase;
			buildActionMask = 2147483647;
			files = (
			);
			runOnlyForDeploymentPostprocessing = 0;
		};
/* End PBXResourcesBuildPhase section */

/* Begin PBXSourcesBuildPhase section */
		F682EE7D26A0AE8F0061D4E1 /* Sources */ = {
			isa = PBXSourcesBuildPhase;
			buildActionMask = 2147483647;
			files = (
				F682EE8926A0AE8F0061D4E1 /* ViewController.swift in Sources */,
				F682EE8F26A0AE8F0061D4E1 /* Seque.xcdatamodeld in Sources */,
				F682EE8526A0AE8F0061D4E1 /* AppDelegate.swift in Sources */,
				F682EE8726A0AE8F0061D4E1 /* SceneDelegate.swift in Sources */,
			);
			runOnlyForDeploymentPostprocessing = 0;
		};
		F682EE9626A0AE8F0061D4E1 /* Sources */ = {
			isa = PBXSourcesBuildPhase;
			buildActionMask = 2147483647;
			files = (
				F682EE9F26A0AE8F0061D4E1 /* SequeTests.swift in Sources */,
			);
			runOnlyForDeploymentPostprocessing = 0;
		};
		F682EEA126A0AE8F0061D4E1 /* Sources */ = {
			isa = PBXSourcesBuildPhase;
			buildActionMask = 2147483647;
			files = (
				F682EEAA26A0AE8F0061D4E1 /* SequeUITests.swift in Sources */,
			);
			runOnlyForDeploymentPostprocessing = 0;
		};
/* End PBXSourcesBuildPhase section */

/* Begin PBXTargetDependency section */
		F682EE9C26A0AE8F0061D4E1 /* PBXTargetDependency */ = {
			isa = PBXTargetDependency;
			target = F682EE8026A0AE8F0061D4E1 /* Seque */;
			targetProxy = F682EE9B26A0AE8F0061D4E1 /* PBXContainerItemProxy */;
		};
		F682EEA726A0AE8F0061D4E1 /* PBXTargetDependency */ = {
			isa = PBXTargetDependency;
			target = F682EE8026A0AE8F0061D4E1 /* Seque */;
			targetProxy = F682EEA626A0AE8F0061D4E1 /* PBXContainerItemProxy */;
		};
/* End PBXTargetDependency section */

/* Begin PBXVariantGroup section */
		F682EE8A26A0AE8F0061D4E1 /* Main.storyboard */ = {
			isa = PBXVariantGroup;
			children = (
				F682EE8B26A0AE8F0061D4E1 /* Base */,
			);
			name = Main.storyboard;
			sourceTree = "<group>";
		};
		F682EE9226A0AE8F0061D4E1 /* LaunchScreen.storyboard */ = {
			isa = PBXVariantGroup;
			children = (
				F682EE9326A0AE8F0061D4E1 /* Base */,
			);
			name = LaunchScreen.storyboard;
			sourceTree = "<group>";
		};
/* End PBXVariantGroup section */

/* Begin XCBuildConfiguration section */
		F682EEAC26A0AE8F0061D4E1 /* Debug */ = {
			isa = XCBuildConfiguration;
			buildSettings = {
				ALWAYS_SEARCH_USER_PATHS = NO;
				CLANG_ANALYZER_NONNULL = YES;
				CLANG_ANALYZER_NUMBER_OBJECT_CONVERSION = YES_AGGRESSIVE;
				CLANG_CXX_LANGUAGE_STANDARD = "gnu++14";
				CLANG_CXX_LIBRARY = "libc++";
				CLANG_ENABLE_MODULES = YES;
				CLANG_ENABLE_OBJC_ARC = YES;
				CLANG_ENABLE_OBJC_WEAK = YES;
				CLANG_WARN_BLOCK_CAPTURE_AUTORELEASING = YES;
				CLANG_WARN_BOOL_CONVERSION = YES;
				CLANG_WARN_COMMA = YES;
				CLANG_WARN_CONSTANT_CONVERSION = YES;
				CLANG_WARN_DEPRECATED_OBJC_IMPLEMENTATIONS = YES;
				CLANG_WARN_DIRECT_OBJC_ISA_USAGE = YES_ERROR;
				CLANG_WARN_DOCUMENTATION_COMMENTS = YES;
				CLANG_WARN_EMPTY_BODY = YES;
				CLANG_WARN_ENUM_CONVERSION = YES;
				CLANG_WARN_INFINITE_RECURSION = YES;
				CLANG_WARN_INT_CONVERSION = YES;
				CLANG_WARN_NON_LITERAL_NULL_CONVERSION = YES;
				CLANG_WARN_OBJC_IMPLICIT_RETAIN_SELF = YES;
				CLANG_WARN_OBJC_LITERAL_CONVERSION = YES;
				CLANG_WARN_OBJC_ROOT_CLASS = YES_ERROR;
				CLANG_WARN_QUOTED_INCLUDE_IN_FRAMEWORK_HEADER = YES;
				CLANG_WARN_RANGE_LOOP_ANALYSIS = YES;
				CLANG_WARN_STRICT_PROTOTYPES = YES;
				CLANG_WARN_SUSPICIOUS_MOVE = YES;
				CLANG_WARN_UNGUARDED_AVAILABILITY = YES_AGGRESSIVE;
				CLANG_WARN_UNREACHABLE_CODE = YES;
				CLANG_WARN__DUPLICATE_METHOD_MATCH = YES;
				COPY_PHASE_STRIP = NO;
				DEBUG_INFORMATION_FORMAT = dwarf;
				ENABLE_STRICT_OBJC_MSGSEND = YES;
				ENABLE_TESTABILITY = YES;
				GCC_C_LANGUAGE_STANDARD = gnu11;
				GCC_DYNAMIC_NO_PIC = NO;
				GCC_NO_COMMON_BLOCKS = YES;
				GCC_OPTIMIZATION_LEVEL = 0;
				GCC_PREPROCESSOR_DEFINITIONS = (
					"DEBUG=1",
					"$(inherited)",
				);
				GCC_WARN_64_TO_32_BIT_CONVERSION = YES;
				GCC_WARN_ABOUT_RETURN_TYPE = YES_ERROR;
				GCC_WARN_UNDECLARED_SELECTOR = YES;
				GCC_WARN_UNINITIALIZED_AUTOS = YES_AGGRESSIVE;
				GCC_WARN_UNUSED_FUNCTION = YES;
				GCC_WARN_UNUSED_VARIABLE = YES;
				IPHONEOS_DEPLOYMENT_TARGET = 14.5;
				MTL_ENABLE_DEBUG_INFO = INCLUDE_SOURCE;
				MTL_FAST_MATH = YES;
				ONLY_ACTIVE_ARCH = YES;
				SDKROOT = iphoneos;
				SWIFT_ACTIVE_COMPILATION_CONDITIONS = DEBUG;
				SWIFT_OPTIMIZATION_LEVEL = "-Onone";
			};
			name = Debug;
		};
		F682EEAD26A0AE8F0061D4E1 /* Release */ = {
			isa = XCBuildConfiguration;
			buildSettings = {
				ALWAYS_SEARCH_USER_PATHS = NO;
				CLANG_ANALYZER_NONNULL = YES;
				CLANG_ANALYZER_NUMBER_OBJECT_CONVERSION = YES_AGGRESSIVE;
				CLANG_CXX_LANGUAGE_STANDARD = "gnu++14";
				CLANG_CXX_LIBRARY = "libc++";
				CLANG_ENABLE_MODULES = YES;
				CLANG_ENABLE_OBJC_ARC = YES;
				CLANG_ENABLE_OBJC_WEAK = YES;
				CLANG_WARN_BLOCK_CAPTURE_AUTORELEASING = YES;
				CLANG_WARN_BOOL_CONVERSION = YES;
				CLANG_WARN_COMMA = YES;
				CLANG_WARN_CONSTANT_CONVERSION = YES;
				CLANG_WARN_DEPRECATED_OBJC_IMPLEMENTATIONS = YES;
				CLANG_WARN_DIRECT_OBJC_ISA_USAGE = YES_ERROR;
				CLANG_WARN_DOCUMENTATION_COMMENTS = YES;
				CLANG_WARN_EMPTY_BODY = YES;
				CLANG_WARN_ENUM_CONVERSION = YES;
				CLANG_WARN_INFINITE_RECURSION = YES;
				CLANG_WARN_INT_CONVERSION = YES;
				CLANG_WARN_NON_LITERAL_NULL_CONVERSION = YES;
				CLANG_WARN_OBJC_IMPLICIT_RETAIN_SELF = YES;
				CLANG_WARN_OBJC_LITERAL_CONVERSION = YES;
				CLANG_WARN_OBJC_ROOT_CLASS = YES_ERROR;
				CLANG_WARN_QUOTED_INCLUDE_IN_FRAMEWORK_HEADER = YES;
				CLANG_WARN_RANGE_LOOP_ANALYSIS = YES;
				CLANG_WARN_STRICT_PROTOTYPES = YES;
				CLANG_WARN_SUSPICIOUS_MOVE = YES;
				CLANG_WARN_UNGUARDED_AVAILABILITY = YES_AGGRESSIVE;
				CLANG_WARN_UNREACHABLE_CODE = YES;
				CLANG_WARN__DUPLICATE_METHOD_MATCH = YES;
				COPY_PHASE_STRIP = NO;
				DEBUG_INFORMATION_FORMAT = "dwarf-with-dsym";
				ENABLE_NS_ASSERTIONS = NO;
				ENABLE_STRICT_OBJC_MSGSEND = YES;
				GCC_C_LANGUAGE_STANDARD = gnu11;
				GCC_NO_COMMON_BLOCKS = YES;
				GCC_WARN_64_TO_32_BIT_CONVERSION = YES;
				GCC_WARN_ABOUT_RETURN_TYPE = YES_ERROR;
				GCC_WARN_UNDECLARED_SELECTOR = YES;
				GCC_WARN_UNINITIALIZED_AUTOS = YES_AGGRESSIVE;
				GCC_WARN_UNUSED_FUNCTION = YES;
				GCC_WARN_UNUSED_VARIABLE = YES;
				IPHONEOS_DEPLOYMENT_TARGET = 14.5;
				MTL_ENABLE_DEBUG_INFO = NO;
				MTL_FAST_MATH = YES;
				SDKROOT = iphoneos;
				SWIFT_COMPILATION_MODE = wholemodule;
				SWIFT_OPTIMIZATION_LEVEL = "-O";
				VALIDATE_PRODUCT = YES;
			};
			name = Release;
		};
		F682EEAF26A0AE8F0061D4E1 /* Debug */ = {
			isa = XCBuildConfiguration;
			buildSettings = {
				ASSETCATALOG_COMPILER_APPICON_NAME = AppIcon;
				ASSETCATALOG_COMPILER_GLOBAL_ACCENT_COLOR_NAME = AccentColor;
				CODE_SIGN_STYLE = Automatic;
				INFOPLIST_FILE = Seque/Info.plist;
				LD_RUNPATH_SEARCH_PATHS = (
					"$(inherited)",
					"@executable_path/Frameworks",
				);
				PRODUCT_BUNDLE_IDENTIFIER = "kwk-2021.Seque";
				PRODUCT_NAME = "$(TARGET_NAME)";
				SWIFT_VERSION = 5.0;
				TARGETED_DEVICE_FAMILY = "1,2";
			};
			name = Debug;
		};
		F682EEB026A0AE8F0061D4E1 /* Release */ = {
			isa = XCBuildConfiguration;
			buildSettings = {
				ASSETCATALOG_COMPILER_APPICON_NAME = AppIcon;
				ASSETCATALOG_COMPILER_GLOBAL_ACCENT_COLOR_NAME = AccentColor;
				CODE_SIGN_STYLE = Automatic;
				INFOPLIST_FILE = Seque/Info.plist;
				LD_RUNPATH_SEARCH_PATHS = (
					"$(inherited)",
					"@executable_path/Frameworks",
				);
				PRODUCT_BUNDLE_IDENTIFIER = "kwk-2021.Seque";
				PRODUCT_NAME = "$(TARGET_NAME)";
				SWIFT_VERSION = 5.0;
				TARGETED_DEVICE_FAMILY = "1,2";
			};
			name = Release;
		};
		F682EEB226A0AE8F0061D4E1 /* Debug */ = {
			isa = XCBuildConfiguration;
			buildSettings = {
				ALWAYS_EMBED_SWIFT_STANDARD_LIBRARIES = YES;
				BUNDLE_LOADER = "$(TEST_HOST)";
				CODE_SIGN_STYLE = Automatic;
				INFOPLIST_FILE = SequeTests/Info.plist;
				IPHONEOS_DEPLOYMENT_TARGET = 14.5;
				LD_RUNPATH_SEARCH_PATHS = (
					"$(inherited)",
					"@executable_path/Frameworks",
					"@loader_path/Frameworks",
				);
				PRODUCT_BUNDLE_IDENTIFIER = "kwk-2021.SequeTests";
				PRODUCT_NAME = "$(TARGET_NAME)";
				SWIFT_VERSION = 5.0;
				TARGETED_DEVICE_FAMILY = "1,2";
				TEST_HOST = "$(BUILT_PRODUCTS_DIR)/Seque.app/Seque";
			};
			name = Debug;
		};
		F682EEB326A0AE8F0061D4E1 /* Release */ = {
			isa = XCBuildConfiguration;
			buildSettings = {
				ALWAYS_EMBED_SWIFT_STANDARD_LIBRARIES = YES;
				BUNDLE_LOADER = "$(TEST_HOST)";
				CODE_SIGN_STYLE = Automatic;
				INFOPLIST_FILE = SequeTests/Info.plist;
				IPHONEOS_DEPLOYMENT_TARGET = 14.5;
				LD_RUNPATH_SEARCH_PATHS = (
					"$(inherited)",
					"@executable_path/Frameworks",
					"@loader_path/Frameworks",
				);
				PRODUCT_BUNDLE_IDENTIFIER = "kwk-2021.SequeTests";
				PRODUCT_NAME = "$(TARGET_NAME)";
				SWIFT_VERSION = 5.0;
				TARGETED_DEVICE_FAMILY = "1,2";
				TEST_HOST = "$(BUILT_PRODUCTS_DIR)/Seque.app/Seque";
			};
			name = Release;
		};
		F682EEB526A0AE8F0061D4E1 /* Debug */ = {
			isa = XCBuildConfiguration;
			buildSettings = {
				ALWAYS_EMBED_SWIFT_STANDARD_LIBRARIES = YES;
				CODE_SIGN_STYLE = Automatic;
				INFOPLIST_FILE = SequeUITests/Info.plist;
				LD_RUNPATH_SEARCH_PATHS = (
					"$(inherited)",
					"@executable_path/Frameworks",
					"@loader_path/Frameworks",
				);
				PRODUCT_BUNDLE_IDENTIFIER = "kwk-2021.SequeUITests";
				PRODUCT_NAME = "$(TARGET_NAME)";
				SWIFT_VERSION = 5.0;
				TARGETED_DEVICE_FAMILY = "1,2";
				TEST_TARGET_NAME = Seque;
			};
			name = Debug;
		};
		F682EEB626A0AE8F0061D4E1 /* Release */ = {
			isa = XCBuildConfiguration;
			buildSettings = {
				ALWAYS_EMBED_SWIFT_STANDARD_LIBRARIES = YES;
				CODE_SIGN_STYLE = Automatic;
				INFOPLIST_FILE = SequeUITests/Info.plist;
				LD_RUNPATH_SEARCH_PATHS = (
					"$(inherited)",
					"@executable_path/Frameworks",
					"@loader_path/Frameworks",
				);
				PRODUCT_BUNDLE_IDENTIFIER = "kwk-2021.SequeUITests";
				PRODUCT_NAME = "$(TARGET_NAME)";
				SWIFT_VERSION = 5.0;
				TARGETED_DEVICE_FAMILY = "1,2";
				TEST_TARGET_NAME = Seque;
			};
			name = Release;
		};
/* End XCBuildConfiguration section */

/* Begin XCConfigurationList section */
		F682EE7C26A0AE8F0061D4E1 /* Build configuration list for PBXProject "Seque" */ = {
			isa = XCConfigurationList;
			buildConfigurations = (
				F682EEAC26A0AE8F0061D4E1 /* Debug */,
				F682EEAD26A0AE8F0061D4E1 /* Release */,
			);
			defaultConfigurationIsVisible = 0;
			defaultConfigurationName = Release;
		};
		F682EEAE26A0AE8F0061D4E1 /* Build configuration list for PBXNativeTarget "Seque" */ = {
			isa = XCConfigurationList;
			buildConfigurations = (
				F682EEAF26A0AE8F0061D4E1 /* Debug */,
				F682EEB026A0AE8F0061D4E1 /* Release */,
			);
			defaultConfigurationIsVisible = 0;
			defaultConfigurationName = Release;
		};
		F682EEB126A0AE8F0061D4E1 /* Build configuration list for PBXNativeTarget "SequeTests" */ = {
			isa = XCConfigurationList;
			buildConfigurations = (
				F682EEB226A0AE8F0061D4E1 /* Debug */,
				F682EEB326A0AE8F0061D4E1 /* Release */,
			);
			defaultConfigurationIsVisible = 0;
			defaultConfigurationName = Release;
		};
		F682EEB426A0AE8F0061D4E1 /* Build configuration list for PBXNativeTarget "SequeUITests" */ = {
			isa = XCConfigurationList;
			buildConfigurations = (
				F682EEB526A0AE8F0061D4E1 /* Debug */,
				F682EEB626A0AE8F0061D4E1 /* Release */,
			);
			defaultConfigurationIsVisible = 0;
			defaultConfigurationName = Release;
		};
/* End XCConfigurationList section */

/* Begin XCVersionGroup section */
		F682EE8D26A0AE8F0061D4E1 /* Seque.xcdatamodeld */ = {
			isa = XCVersionGroup;
			children = (
				F682EE8E26A0AE8F0061D4E1 /* Seque.xcdatamodel */,
			);
			currentVersion = F682EE8E26A0AE8F0061D4E1 /* Seque.xcdatamodel */;
			path = Seque.xcdatamodeld;
			sourceTree = "<group>";
			versionGroupType = wrapper.xcdatamodel;
		};
/* End XCVersionGroup section */
	};
	rootObject = F682EE7926A0AE8F0061D4E1 /* Project object */;
}
